// !$*UTF8*$!
{
	archiveVersion = 1;
	classes = {
	};
	objectVersion = 56;
	objects = {

/* Begin PBXBuildFile section */
		E01AAA8B289154C900CE776D /* AppDelegate.swift in Sources */ = {isa = PBXBuildFile; fileRef = E01AAA8A289154C900CE776D /* AppDelegate.swift */; };
		E01AAA8D289154C900CE776D /* SceneDelegate.swift in Sources */ = {isa = PBXBuildFile; fileRef = E01AAA8C289154C900CE776D /* SceneDelegate.swift */; };
		E01AAA8F289154C900CE776D /* ViewController.swift in Sources */ = {isa = PBXBuildFile; fileRef = E01AAA8E289154C900CE776D /* ViewController.swift */; };
		E01AAA92289154C900CE776D /* Main.storyboard in Resources */ = {isa = PBXBuildFile; fileRef = E01AAA90289154C900CE776D /* Main.storyboard */; };
		E01AAA95289154C900CE776D /* AlMeezanScreens.xcdatamodeld in Sources */ = {isa = PBXBuildFile; fileRef = E01AAA93289154C900CE776D /* AlMeezanScreens.xcdatamodeld */; };
		E01AAA97289154CF00CE776D /* Assets.xcassets in Resources */ = {isa = PBXBuildFile; fileRef = E01AAA96289154CF00CE776D /* Assets.xcassets */; };
		E01AAA9A289154CF00CE776D /* LaunchScreen.storyboard in Resources */ = {isa = PBXBuildFile; fileRef = E01AAA98289154CF00CE776D /* LaunchScreen.storyboard */; };
/* End PBXBuildFile section */

/* Begin PBXFileReference section */
		E01AAA87289154C900CE776D /* AlMeezanScreens.app */ = {isa = PBXFileReference; explicitFileType = wrapper.application; includeInIndex = 0; path = AlMeezanScreens.app; sourceTree = BUILT_PRODUCTS_DIR; };
		E01AAA8A289154C900CE776D /* AppDelegate.swift */ = {isa = PBXFileReference; lastKnownFileType = sourcecode.swift; path = AppDelegate.swift; sourceTree = "<group>"; };
		E01AAA8C289154C900CE776D /* SceneDelegate.swift */ = {isa = PBXFileReference; lastKnownFileType = sourcecode.swift; path = SceneDelegate.swift; sourceTree = "<group>"; };
		E01AAA8E289154C900CE776D /* ViewController.swift */ = {isa = PBXFileReference; lastKnownFileType = sourcecode.swift; path = ViewController.swift; sourceTree = "<group>"; };
		E01AAA91289154C900CE776D /* Base */ = {isa = PBXFileReference; lastKnownFileType = file.storyboard; name = Base; path = Base.lproj/Main.storyboard; sourceTree = "<group>"; };
		E01AAA94289154C900CE776D /* AlMeezanScreens.xcdatamodel */ = {isa = PBXFileReference; lastKnownFileType = wrapper.xcdatamodel; path = AlMeezanScreens.xcdatamodel; sourceTree = "<group>"; };
		E01AAA96289154CF00CE776D /* Assets.xcassets */ = {isa = PBXFileReference; lastKnownFileType = folder.assetcatalog; path = Assets.xcassets; sourceTree = "<group>"; };
		E01AAA99289154CF00CE776D /* Base */ = {isa = PBXFileReference; lastKnownFileType = file.storyboard; name = Base; path = Base.lproj/LaunchScreen.storyboard; sourceTree = "<group>"; };
		E01AAA9B289154CF00CE776D /* Info.plist */ = {isa = PBXFileReference; lastKnownFileType = text.plist.xml; path = Info.plist; sourceTree = "<group>"; };
/* End PBXFileReference section */

/* Begin PBXFrameworksBuildPhase section */
		E01AAA84289154C900CE776D /* Frameworks */ = {
			isa = PBXFrameworksBuildPhase;
			buildActionMask = 2147483647;
			files = (
			);
			runOnlyForDeploymentPostprocessing = 0;
		};
/* End PBXFrameworksBuildPhase section */

/* Begin PBXGroup section */
		E01AAA7E289154C900CE776D = {
			isa = PBXGroup;
			children = (
				E01AAA89289154C900CE776D /* AlMeezanScreens */,
				E01AAA88289154C900CE776D /* Products */,
			);
			sourceTree = "<group>";
		};
		E01AAA88289154C900CE776D /* Products */ = {
			isa = PBXGroup;
			children = (
				E01AAA87289154C900CE776D /* AlMeezanScreens.app */,
			);
			name = Products;
			sourceTree = "<group>";
		};
		E01AAA89289154C900CE776D /* AlMeezanScreens */ = {
			isa = PBXGroup;
			children = (
				E01AAA8A289154C900CE776D /* AppDelegate.swift */,
				E01AAA8C289154C900CE776D /* SceneDelegate.swift */,
				E01AAA8E289154C900CE776D /* ViewController.swift */,
				E01AAA90289154C900CE776D /* Main.storyboard */,
				E01AAA96289154CF00CE776D /* Assets.xcassets */,
				E01AAA98289154CF00CE776D /* LaunchScreen.storyboard */,
				E01AAA9B289154CF00CE776D /* Info.plist */,
				E01AAA93289154C900CE776D /* AlMeezanScreens.xcdatamodeld */,
			);
			path = AlMeezanScreens;
			sourceTree = "<group>";
		};
/* End PBXGroup section */

/* Begin PBXNativeTarget section */
		E01AAA86289154C900CE776D /* AlMeezanScreens */ = {
			isa = PBXNativeTarget;
			buildConfigurationList = E01AAA9E289154CF00CE776D /* Build configuration list for PBXNativeTarget "AlMeezanScreens" */;
			buildPhases = (
				E01AAA83289154C900CE776D /* Sources */,
				E01AAA84289154C900CE776D /* Frameworks */,
				E01AAA85289154C900CE776D /* Resources */,
			);
			buildRules = (
			);
			dependencies = (
			);
			name = AlMeezanScreens;
			productName = AlMeezanScreens;
			productReference = E01AAA87289154C900CE776D /* AlMeezanScreens.app */;
			productType = "com.apple.product-type.application";
		};
/* End PBXNativeTarget section */

/* Begin PBXProject section */
		E01AAA7F289154C900CE776D /* Project object */ = {
			isa = PBXProject;
			attributes = {
				BuildIndependentTargetsInParallel = 1;
				LastSwiftUpdateCheck = 1400;
				LastUpgradeCheck = 1400;
				TargetAttributes = {
					E01AAA86289154C900CE776D = {
						CreatedOnToolsVersion = 14.0;
					};
				};
			};
			buildConfigurationList = E01AAA82289154C900CE776D /* Build configuration list for PBXProject "AlMeezanScreens" */;
			compatibilityVersion = "Xcode 14.0";
			developmentRegion = en;
			hasScannedForEncodings = 0;
			knownRegions = (
				en,
				Base,
			);
			mainGroup = E01AAA7E289154C900CE776D;
			productRefGroup = E01AAA88289154C900CE776D /* Products */;
			projectDirPath = "";
			projectRoot = "";
			targets = (
				E01AAA86289154C900CE776D /* AlMeezanScreens */,
			);
		};
/* End PBXProject section */

/* Begin PBXResourcesBuildPhase section */
		E01AAA85289154C900CE776D /* Resources */ = {
			isa = PBXResourcesBuildPhase;
			buildActionMask = 2147483647;
			files = (
				E01AAA9A289154CF00CE776D /* LaunchScreen.storyboard in Resources */,
				E01AAA97289154CF00CE776D /* Assets.xcassets in Resources */,
				E01AAA92289154C900CE776D /* Main.storyboard in Resources */,
			);
			runOnlyForDeploymentPostprocessing = 0;
		};
/* End PBXResourcesBuildPhase section */

/* Begin PBXSourcesBuildPhase section */
		E01AAA83289154C900CE776D /* Sources */ = {
			isa = PBXSourcesBuildPhase;
			buildActionMask = 2147483647;
			files = (
				E01AAA95289154C900CE776D /* AlMeezanScreens.xcdatamodeld in Sources */,
				E01AAA8F289154C900CE776D /* ViewController.swift in Sources */,
				E01AAA8B289154C900CE776D /* AppDelegate.swift in Sources */,
				E01AAA8D289154C900CE776D /* SceneDelegate.swift in Sources */,
			);
			runOnlyForDeploymentPostprocessing = 0;
		};
/* End PBXSourcesBuildPhase section */

/* Begin PBXVariantGroup section */
		E01AAA90289154C900CE776D /* Main.storyboard */ = {
			isa = PBXVariantGroup;
			children = (
				E01AAA91289154C900CE776D /* Base */,
			);
			name = Main.storyboard;
			sourceTree = "<group>";
		};
		E01AAA98289154CF00CE776D /* LaunchScreen.storyboard */ = {
			isa = PBXVariantGroup;
			children = (
				E01AAA99289154CF00CE776D /* Base */,
			);
			name = LaunchScreen.storyboard;
			sourceTree = "<group>";
		};
/* End PBXVariantGroup section */

/* Begin XCBuildConfiguration section */
		E01AAA9C289154CF00CE776D /* Debug */ = {
			isa = XCBuildConfiguration;
			buildSettings = {
				ALWAYS_SEARCH_USER_PATHS = NO;
				CLANG_ANALYZER_NONNULL = YES;
				CLANG_ANALYZER_NUMBER_OBJECT_CONVERSION = YES_AGGRESSIVE;
				CLANG_CXX_LANGUAGE_STANDARD = "gnu++20";
				CLANG_ENABLE_MODULES = YES;
				CLANG_ENABLE_OBJC_ARC = YES;
				CLANG_ENABLE_OBJC_WEAK = YES;
				CLANG_WARN_BLOCK_CAPTURE_AUTORELEASING = YES;
				CLANG_WARN_BOOL_CONVERSION = YES;
				CLANG_WARN_COMMA = YES;
				CLANG_WARN_CONSTANT_CONVERSION = YES;
				CLANG_WARN_DEPRECATED_OBJC_IMPLEMENTATIONS = YES;
				CLANG_WARN_DIRECT_OBJC_ISA_USAGE = YES_ERROR;
				CLANG_WARN_DOCUMENTATION_COMMENTS = YES;
				CLANG_WARN_EMPTY_BODY = YES;
				CLANG_WARN_ENUM_CONVERSION = YES;
				CLANG_WARN_INFINITE_RECURSION = YES;
				CLANG_WARN_INT_CONVERSION = YES;
				CLANG_WARN_NON_LITERAL_NULL_CONVERSION = YES;
				CLANG_WARN_OBJC_IMPLICIT_RETAIN_SELF = YES;
				CLANG_WARN_OBJC_LITERAL_CONVERSION = YES;
				CLANG_WARN_OBJC_ROOT_CLASS = YES_ERROR;
				CLANG_WARN_QUOTED_INCLUDE_IN_FRAMEWORK_HEADER = YES;
				CLANG_WARN_RANGE_LOOP_ANALYSIS = YES;
				CLANG_WARN_STRICT_PROTOTYPES = YES;
				CLANG_WARN_SUSPICIOUS_MOVE = YES;
				CLANG_WARN_UNGUARDED_AVAILABILITY = YES_AGGRESSIVE;
				CLANG_WARN_UNREACHABLE_CODE = YES;
				CLANG_WARN__DUPLICATE_METHOD_MATCH = YES;
				COPY_PHASE_STRIP = NO;
				DEBUG_INFORMATION_FORMAT = dwarf;
				ENABLE_STRICT_OBJC_MSGSEND = YES;
				ENABLE_TESTABILITY = YES;
				GCC_C_LANGUAGE_STANDARD = gnu11;
				GCC_DYNAMIC_NO_PIC = NO;
				GCC_NO_COMMON_BLOCKS = YES;
				GCC_OPTIMIZATION_LEVEL = 0;
				GCC_PREPROCESSOR_DEFINITIONS = (
					"DEBUG=1",
					"$(inherited)",
				);
				GCC_WARN_64_TO_32_BIT_CONVERSION = YES;
				GCC_WARN_ABOUT_RETURN_TYPE = YES_ERROR;
				GCC_WARN_UNDECLARED_SELECTOR = YES;
				GCC_WARN_UNINITIALIZED_AUTOS = YES_AGGRESSIVE;
				GCC_WARN_UNUSED_FUNCTION = YES;
				GCC_WARN_UNUSED_VARIABLE = YES;
				IPHONEOS_DEPLOYMENT_TARGET = 16.0;
				MTL_ENABLE_DEBUG_INFO = INCLUDE_SOURCE;
				MTL_FAST_MATH = YES;
				ONLY_ACTIVE_ARCH = YES;
				SDKROOT = iphoneos;
				SWIFT_ACTIVE_COMPILATION_CONDITIONS = DEBUG;
				SWIFT_OPTIMIZATION_LEVEL = "-Onone";
			};
			name = Debug;
		};
		E01AAA9D289154CF00CE776D /* Release */ = {
			isa = XCBuildConfiguration;
			buildSettings = {
				ALWAYS_SEARCH_USER_PATHS = NO;
				CLANG_ANALYZER_NONNULL = YES;
				CLANG_ANALYZER_NUMBER_OBJECT_CONVERSION = YES_AGGRESSIVE;
				CLANG_CXX_LANGUAGE_STANDARD = "gnu++20";
				CLANG_ENABLE_MODULES = YES;
				CLANG_ENABLE_OBJC_ARC = YES;
				CLANG_ENABLE_OBJC_WEAK = YES;
				CLANG_WARN_BLOCK_CAPTURE_AUTORELEASING = YES;
				CLANG_WARN_BOOL_CONVERSION = YES;
				CLANG_WARN_COMMA = YES;
				CLANG_WARN_CONSTANT_CONVERSION = YES;
				CLANG_WARN_DEPRECATED_OBJC_IMPLEMENTATIONS = YES;
				CLANG_WARN_DIRECT_OBJC_ISA_USAGE = YES_ERROR;
				CLANG_WARN_DOCUMENTATION_COMMENTS = YES;
				CLANG_WARN_EMPTY_BODY = YES;
				CLANG_WARN_ENUM_CONVERSION = YES;
				CLANG_WARN_INFINITE_RECURSION = YES;
				CLANG_WARN_INT_CONVERSION = YES;
				CLANG_WARN_NON_LITERAL_NULL_CONVERSION = YES;
				CLANG_WARN_OBJC_IMPLICIT_RETAIN_SELF = YES;
				CLANG_WARN_OBJC_LITERAL_CONVERSION = YES;
				CLANG_WARN_OBJC_ROOT_CLASS = YES_ERROR;
				CLANG_WARN_QUOTED_INCLUDE_IN_FRAMEWORK_HEADER = YES;
				CLANG_WARN_RANGE_LOOP_ANALYSIS = YES;
				CLANG_WARN_STRICT_PROTOTYPES = YES;
				CLANG_WARN_SUSPICIOUS_MOVE = YES;
				CLANG_WARN_UNGUARDED_AVAILABILITY = YES_AGGRESSIVE;
				CLANG_WARN_UNREACHABLE_CODE = YES;
				CLANG_WARN__DUPLICATE_METHOD_MATCH = YES;
				COPY_PHASE_STRIP = NO;
				DEBUG_INFORMATION_FORMAT = "dwarf-with-dsym";
				ENABLE_NS_ASSERTIONS = NO;
				ENABLE_STRICT_OBJC_MSGSEND = YES;
				GCC_C_LANGUAGE_STANDARD = gnu11;
				GCC_NO_COMMON_BLOCKS = YES;
				GCC_WARN_64_TO_32_BIT_CONVERSION = YES;
				GCC_WARN_ABOUT_RETURN_TYPE = YES_ERROR;
				GCC_WARN_UNDECLARED_SELECTOR = YES;
				GCC_WARN_UNINITIALIZED_AUTOS = YES_AGGRESSIVE;
				GCC_WARN_UNUSED_FUNCTION = YES;
				GCC_WARN_UNUSED_VARIABLE = YES;
				IPHONEOS_DEPLOYMENT_TARGET = 16.0;
				MTL_ENABLE_DEBUG_INFO = NO;
				MTL_FAST_MATH = YES;
				SDKROOT = iphoneos;
				SWIFT_COMPILATION_MODE = wholemodule;
				SWIFT_OPTIMIZATION_LEVEL = "-O";
				VALIDATE_PRODUCT = YES;
			};
			name = Release;
		};
		E01AAA9F289154CF00CE776D /* Debug */ = {
			isa = XCBuildConfiguration;
			buildSettings = {
				ASSETCATALOG_COMPILER_APPICON_NAME = AppIcon;
				ASSETCATALOG_COMPILER_GLOBAL_ACCENT_COLOR_NAME = AccentColor;
				CODE_SIGN_STYLE = Automatic;
				CURRENT_PROJECT_VERSION = 1;
				DEVELOPMENT_TEAM = DU9WCKZ2TC;
				GENERATE_INFOPLIST_FILE = YES;
				INFOPLIST_FILE = AlMeezanScreens/Info.plist;
				INFOPLIST_KEY_UIApplicationSupportsIndirectInputEvents = YES;
				INFOPLIST_KEY_UILaunchStoryboardName = LaunchScreen;
				INFOPLIST_KEY_UIMainStoryboardFile = Main;
				INFOPLIST_KEY_UISupportedInterfaceOrientations_iPad = "UIInterfaceOrientationPortrait UIInterfaceOrientationPortraitUpsideDown UIInterfaceOrientationLandscapeLeft UIInterfaceOrientationLandscapeRight";
				INFOPLIST_KEY_UISupportedInterfaceOrientations_iPhone = "UIInterfaceOrientationPortrait UIInterfaceOrientationLandscapeLeft UIInterfaceOrientationLandscapeRight";
				LD_RUNPATH_SEARCH_PATHS = (
					"$(inherited)",
					"@executable_path/Frameworks",
				);
				MARKETING_VERSION = 1.0;
				PRODUCT_BUNDLE_IDENTIFIER = com.ahmed.AlMeezanScreens;
				PRODUCT_NAME = "$(TARGET_NAME)";
				SWIFT_EMIT_LOC_STRINGS = YES;
				SWIFT_VERSION = 5.0;
				TARGETED_DEVICE_FAMILY = "1,2";
			};
			name = Debug;
		};
		E01AAAA0289154CF00CE776D /* Release */ = {
			isa = XCBuildConfiguration;
			buildSettings = {
				ASSETCATALOG_COMPILER_APPICON_NAME = AppIcon;
				ASSETCATALOG_COMPILER_GLOBAL_ACCENT_COLOR_NAME = AccentColor;
				CODE_SIGN_STYLE = Automatic;
				CURRENT_PROJECT_VERSION = 1;
				DEVELOPMENT_TEAM = DU9WCKZ2TC;
				GENERATE_INFOPLIST_FILE = YES;
				INFOPLIST_FILE = AlMeezanScreens/Info.plist;
				INFOPLIST_KEY_UIApplicationSupportsIndirectInputEvents = YES;
				INFOPLIST_KEY_UILaunchStoryboardName = LaunchScreen;
				INFOPLIST_KEY_UIMainStoryboardFile = Main;
				INFOPLIST_KEY_UISupportedInterfaceOrientations_iPad = "UIInterfaceOrientationPortrait UIInterfaceOrientationPortraitUpsideDown UIInterfaceOrientationLandscapeLeft UIInterfaceOrientationLandscapeRight";
				INFOPLIST_KEY_UISupportedInterfaceOrientations_iPhone = "UIInterfaceOrientationPortrait UIInterfaceOrientationLandscapeLeft UIInterfaceOrientationLandscapeRight";
				LD_RUNPATH_SEARCH_PATHS = (
					"$(inherited)",
					"@executable_path/Frameworks",
				);
				MARKETING_VERSION = 1.0;
				PRODUCT_BUNDLE_IDENTIFIER = com.ahmed.AlMeezanScreens;
				PRODUCT_NAME = "$(TARGET_NAME)";
				SWIFT_EMIT_LOC_STRINGS = YES;
				SWIFT_VERSION = 5.0;
				TARGETED_DEVICE_FAMILY = "1,2";
			};
			name = Release;
		};
/* End XCBuildConfiguration section */

/* Begin XCConfigurationList section */
		E01AAA82289154C900CE776D /* Build configuration list for PBXProject "AlMeezanScreens" */ = {
			isa = XCConfigurationList;
			buildConfigurations = (
				E01AAA9C289154CF00CE776D /* Debug */,
				E01AAA9D289154CF00CE776D /* Release */,
			);
			defaultConfigurationIsVisible = 0;
			defaultConfigurationName = Release;
		};
		E01AAA9E289154CF00CE776D /* Build configuration list for PBXNativeTarget "AlMeezanScreens" */ = {
			isa = XCConfigurationList;
			buildConfigurations = (
				E01AAA9F289154CF00CE776D /* Debug */,
				E01AAAA0289154CF00CE776D /* Release */,
			);
			defaultConfigurationIsVisible = 0;
			defaultConfigurationName = Release;
		};
/* End XCConfigurationList section */

/* Begin XCVersionGroup section */
		E01AAA93289154C900CE776D /* AlMeezanScreens.xcdatamodeld */ = {
			isa = XCVersionGroup;
			children = (
				E01AAA94289154C900CE776D /* AlMeezanScreens.xcdatamodel */,
			);
			currentVersion = E01AAA94289154C900CE776D /* AlMeezanScreens.xcdatamodel */;
			path = AlMeezanScreens.xcdatamodeld;
			sourceTree = "<group>";
			versionGroupType = wrapper.xcdatamodel;
		};
/* End XCVersionGroup section */
	};
	rootObject = E01AAA7F289154C900CE776D /* Project object */;
}
