// !$*UTF8*$!
{
	archiveVersion = 1;
	classes = {
	};
	objectVersion = 56;
	objects = {

/* Begin PBXBuildFile section */
		E006DB0828A3B99100F80144 /* BankValidate.swift in Sources */ = {isa = PBXBuildFile; fileRef = E006DB0728A3B99100F80144 /* BankValidate.swift */; };
		E006DB0A28A508B100F80144 /* TransferFund.swift in Sources */ = {isa = PBXBuildFile; fileRef = E006DB0928A508B100F80144 /* TransferFund.swift */; };
		E00B71AF2899311200ADDAA2 /* Subscription.swift in Sources */ = {isa = PBXBuildFile; fileRef = E00B71AE2899311200ADDAA2 /* Subscription.swift */; };
		E00FD5F5289A99C80058BAD0 /* TextInputView.swift in Sources */ = {isa = PBXBuildFile; fileRef = E00FD5F4289A99C80058BAD0 /* TextInputView.swift */; };
		E00FD5F7289BB7D50058BAD0 /* FundTransferDetails.swift in Sources */ = {isa = PBXBuildFile; fileRef = E00FD5F6289BB7D50058BAD0 /* FundTransferDetails.swift */; };
		E01AAA8B289154C900CE776D /* AppDelegate.swift in Sources */ = {isa = PBXBuildFile; fileRef = E01AAA8A289154C900CE776D /* AppDelegate.swift */; };
		E01AAA8D289154C900CE776D /* SceneDelegate.swift in Sources */ = {isa = PBXBuildFile; fileRef = E01AAA8C289154C900CE776D /* SceneDelegate.swift */; };
		E01AAA8F289154C900CE776D /* ViewController.swift in Sources */ = {isa = PBXBuildFile; fileRef = E01AAA8E289154C900CE776D /* ViewController.swift */; };
		E01AAA92289154C900CE776D /* Main.storyboard in Resources */ = {isa = PBXBuildFile; fileRef = E01AAA90289154C900CE776D /* Main.storyboard */; };
		E01AAA95289154C900CE776D /* AlMeezanScreens.xcdatamodeld in Sources */ = {isa = PBXBuildFile; fileRef = E01AAA93289154C900CE776D /* AlMeezanScreens.xcdatamodeld */; };
		E01AAA97289154CF00CE776D /* Assets.xcassets in Resources */ = {isa = PBXBuildFile; fileRef = E01AAA96289154CF00CE776D /* Assets.xcassets */; };
		E01AAA9A289154CF00CE776D /* LaunchScreen.storyboard in Resources */ = {isa = PBXBuildFile; fileRef = E01AAA98289154CF00CE776D /* LaunchScreen.storyboard */; };
		E01AAAA428916F8300CE776D /* Enums.swift in Sources */ = {isa = PBXBuildFile; fileRef = E01AAAA328916F8300CE776D /* Enums.swift */; };
		E01AAAAC28916FB100CE776D /* CircularStd-Book.otf in Resources */ = {isa = PBXBuildFile; fileRef = E01AAAA628916FB100CE776D /* CircularStd-Book.otf */; };
		E01AAAAD28916FB200CE776D /* Roboto-Medium.ttf in Resources */ = {isa = PBXBuildFile; fileRef = E01AAAA728916FB100CE776D /* Roboto-Medium.ttf */; };
		E01AAAAE28916FB200CE776D /* Circular Std Font.otf in Resources */ = {isa = PBXBuildFile; fileRef = E01AAAA828916FB100CE776D /* Circular Std Font.otf */; };
		E01AAAAF28916FB200CE776D /* times_0.ttf in Resources */ = {isa = PBXBuildFile; fileRef = E01AAAA928916FB100CE776D /* times_0.ttf */; };
		E01AAAB028916FB200CE776D /* Roboto-Regular.ttf in Resources */ = {isa = PBXBuildFile; fileRef = E01AAAAA28916FB100CE776D /* Roboto-Regular.ttf */; };
		E01AAAB128916FB200CE776D /* CircularStd-Bold_1.ttf in Resources */ = {isa = PBXBuildFile; fileRef = E01AAAAB28916FB100CE776D /* CircularStd-Bold_1.ttf */; };
		E01AAAB52892BBCD00CE776D /* Extensions.swift in Sources */ = {isa = PBXBuildFile; fileRef = E01AAAB42892BBCD00CE776D /* Extensions.swift */; };
		E01AAAB72892BBEC00CE776D /* HeaderView.swift in Sources */ = {isa = PBXBuildFile; fileRef = E01AAAB62892BBEC00CE776D /* HeaderView.swift */; };
		E01AAABA2892C92F00CE776D /* HeaderViewController.swift in Sources */ = {isa = PBXBuildFile; fileRef = E01AAAB92892C92F00CE776D /* HeaderViewController.swift */; };
		E055E28A28AB7DE6004DB4F9 /* Protocols.swift in Sources */ = {isa = PBXBuildFile; fileRef = E055E28928AB7DE6004DB4F9 /* Protocols.swift */; };
		E069F4FA28ABA74C00CE915E /* TransactionComplete.swift in Sources */ = {isa = PBXBuildFile; fileRef = E069F4F928ABA74C00CE915E /* TransactionComplete.swift */; };
		E0BD48F22899010300ED7D3F /* PaymentServices.swift in Sources */ = {isa = PBXBuildFile; fileRef = E0BD48F12899010300ED7D3F /* PaymentServices.swift */; };
		E0C93D572893CBF600142019 /* View.swift in Sources */ = {isa = PBXBuildFile; fileRef = E0C93D562893CBF600142019 /* View.swift */; };
		E0C93D5A28940E0100142019 /* BillPayment.swift in Sources */ = {isa = PBXBuildFile; fileRef = E0C93D5928940E0100142019 /* BillPayment.swift */; };
		E0C93D5C28940E5300142019 /* BillPaymentCell.swift in Sources */ = {isa = PBXBuildFile; fileRef = E0C93D5B28940E5300142019 /* BillPaymentCell.swift */; };
		E0CC0C5F289C04ED007A1BE8 /* HistoryCell.swift in Sources */ = {isa = PBXBuildFile; fileRef = E0CC0C5E289C04ED007A1BE8 /* HistoryCell.swift */; };
		E0F550C528AE7C2F003E05AD /* AddBillPayee.swift in Sources */ = {isa = PBXBuildFile; fileRef = E0F550C428AE7C2F003E05AD /* AddBillPayee.swift */; };
		E0F550C728AFAD43003E05AD /* TransactionDetails.swift in Sources */ = {isa = PBXBuildFile; fileRef = E0F550C628AFAD43003E05AD /* TransactionDetails.swift */; };
		E0F550C928AFAECB003E05AD /* TestingViewController.swift in Sources */ = {isa = PBXBuildFile; fileRef = E0F550C828AFAECB003E05AD /* TestingViewController.swift */; };
		E0F85DAC28A660B100EFD9F5 /* AddPayeeController.swift in Sources */ = {isa = PBXBuildFile; fileRef = E0F85DAB28A660B100EFD9F5 /* AddPayeeController.swift */; };
		E0F85DAE28A6930C00EFD9F5 /* ButtonPickerView.swift in Sources */ = {isa = PBXBuildFile; fileRef = E0F85DAD28A6930C00EFD9F5 /* ButtonPickerView.swift */; };
/* End PBXBuildFile section */

/* Begin PBXFileReference section */
		E006DB0728A3B99100F80144 /* BankValidate.swift */ = {isa = PBXFileReference; lastKnownFileType = sourcecode.swift; path = BankValidate.swift; sourceTree = "<group>"; };
		E006DB0928A508B100F80144 /* TransferFund.swift */ = {isa = PBXFileReference; lastKnownFileType = sourcecode.swift; path = TransferFund.swift; sourceTree = "<group>"; };
		E00B71AE2899311200ADDAA2 /* Subscription.swift */ = {isa = PBXFileReference; lastKnownFileType = sourcecode.swift; path = Subscription.swift; sourceTree = "<group>"; };
		E00FD5F4289A99C80058BAD0 /* TextInputView.swift */ = {isa = PBXFileReference; lastKnownFileType = sourcecode.swift; path = TextInputView.swift; sourceTree = "<group>"; };
		E00FD5F6289BB7D50058BAD0 /* FundTransferDetails.swift */ = {isa = PBXFileReference; lastKnownFileType = sourcecode.swift; path = FundTransferDetails.swift; sourceTree = "<group>"; };
		E01AAA87289154C900CE776D /* AlMeezanScreens.app */ = {isa = PBXFileReference; explicitFileType = wrapper.application; includeInIndex = 0; path = AlMeezanScreens.app; sourceTree = BUILT_PRODUCTS_DIR; };
		E01AAA8A289154C900CE776D /* AppDelegate.swift */ = {isa = PBXFileReference; lastKnownFileType = sourcecode.swift; path = AppDelegate.swift; sourceTree = "<group>"; };
		E01AAA8C289154C900CE776D /* SceneDelegate.swift */ = {isa = PBXFileReference; lastKnownFileType = sourcecode.swift; path = SceneDelegate.swift; sourceTree = "<group>"; };
		E01AAA8E289154C900CE776D /* ViewController.swift */ = {isa = PBXFileReference; lastKnownFileType = sourcecode.swift; path = ViewController.swift; sourceTree = "<group>"; };
		E01AAA91289154C900CE776D /* Base */ = {isa = PBXFileReference; lastKnownFileType = file.storyboard; name = Base; path = Base.lproj/Main.storyboard; sourceTree = "<group>"; };
		E01AAA94289154C900CE776D /* AlMeezanScreens.xcdatamodel */ = {isa = PBXFileReference; lastKnownFileType = wrapper.xcdatamodel; path = AlMeezanScreens.xcdatamodel; sourceTree = "<group>"; };
		E01AAA96289154CF00CE776D /* Assets.xcassets */ = {isa = PBXFileReference; lastKnownFileType = folder.assetcatalog; path = Assets.xcassets; sourceTree = "<group>"; };
		E01AAA99289154CF00CE776D /* Base */ = {isa = PBXFileReference; lastKnownFileType = file.storyboard; name = Base; path = Base.lproj/LaunchScreen.storyboard; sourceTree = "<group>"; };
		E01AAA9B289154CF00CE776D /* Info.plist */ = {isa = PBXFileReference; lastKnownFileType = text.plist.xml; path = Info.plist; sourceTree = "<group>"; };
		E01AAAA328916F8300CE776D /* Enums.swift */ = {isa = PBXFileReference; lastKnownFileType = sourcecode.swift; path = Enums.swift; sourceTree = "<group>"; };
		E01AAAA628916FB100CE776D /* CircularStd-Book.otf */ = {isa = PBXFileReference; lastKnownFileType = file; path = "CircularStd-Book.otf"; sourceTree = "<group>"; };
		E01AAAA728916FB100CE776D /* Roboto-Medium.ttf */ = {isa = PBXFileReference; lastKnownFileType = file; path = "Roboto-Medium.ttf"; sourceTree = "<group>"; };
		E01AAAA828916FB100CE776D /* Circular Std Font.otf */ = {isa = PBXFileReference; lastKnownFileType = file; path = "Circular Std Font.otf"; sourceTree = "<group>"; };
		E01AAAA928916FB100CE776D /* times_0.ttf */ = {isa = PBXFileReference; lastKnownFileType = file; path = times_0.ttf; sourceTree = "<group>"; };
		E01AAAAA28916FB100CE776D /* Roboto-Regular.ttf */ = {isa = PBXFileReference; lastKnownFileType = file; path = "Roboto-Regular.ttf"; sourceTree = "<group>"; };
		E01AAAAB28916FB100CE776D /* CircularStd-Bold_1.ttf */ = {isa = PBXFileReference; lastKnownFileType = file; path = "CircularStd-Bold_1.ttf"; sourceTree = "<group>"; };
		E01AAAB42892BBCD00CE776D /* Extensions.swift */ = {isa = PBXFileReference; lastKnownFileType = sourcecode.swift; path = Extensions.swift; sourceTree = "<group>"; };
		E01AAAB62892BBEC00CE776D /* HeaderView.swift */ = {isa = PBXFileReference; lastKnownFileType = sourcecode.swift; path = HeaderView.swift; sourceTree = "<group>"; };
		E01AAAB92892C92F00CE776D /* HeaderViewController.swift */ = {isa = PBXFileReference; lastKnownFileType = sourcecode.swift; path = HeaderViewController.swift; sourceTree = "<group>"; };
		E055E28928AB7DE6004DB4F9 /* Protocols.swift */ = {isa = PBXFileReference; lastKnownFileType = sourcecode.swift; path = Protocols.swift; sourceTree = "<group>"; };
		E069F4F928ABA74C00CE915E /* TransactionComplete.swift */ = {isa = PBXFileReference; lastKnownFileType = sourcecode.swift; path = TransactionComplete.swift; sourceTree = "<group>"; xcLanguageSpecificationIdentifier = xcode.lang.swift; };
		E0BD48F12899010300ED7D3F /* PaymentServices.swift */ = {isa = PBXFileReference; lastKnownFileType = sourcecode.swift; path = PaymentServices.swift; sourceTree = "<group>"; };
		E0C93D562893CBF600142019 /* View.swift */ = {isa = PBXFileReference; lastKnownFileType = sourcecode.swift; path = View.swift; sourceTree = "<group>"; };
		E0C93D5928940E0100142019 /* BillPayment.swift */ = {isa = PBXFileReference; lastKnownFileType = sourcecode.swift; path = BillPayment.swift; sourceTree = "<group>"; };
		E0C93D5B28940E5300142019 /* BillPaymentCell.swift */ = {isa = PBXFileReference; lastKnownFileType = sourcecode.swift; path = BillPaymentCell.swift; sourceTree = "<group>"; };
		E0CC0C5E289C04ED007A1BE8 /* HistoryCell.swift */ = {isa = PBXFileReference; lastKnownFileType = sourcecode.swift; path = HistoryCell.swift; sourceTree = "<group>"; };
		E0F550C428AE7C2F003E05AD /* AddBillPayee.swift */ = {isa = PBXFileReference; lastKnownFileType = sourcecode.swift; path = AddBillPayee.swift; sourceTree = "<group>"; };
		E0F550C628AFAD43003E05AD /* TransactionDetails.swift */ = {isa = PBXFileReference; lastKnownFileType = sourcecode.swift; path = TransactionDetails.swift; sourceTree = "<group>"; };
		E0F550C828AFAECB003E05AD /* TestingViewController.swift */ = {isa = PBXFileReference; lastKnownFileType = sourcecode.swift; path = TestingViewController.swift; sourceTree = "<group>"; };
		E0F85DAB28A660B100EFD9F5 /* AddPayeeController.swift */ = {isa = PBXFileReference; lastKnownFileType = sourcecode.swift; path = AddPayeeController.swift; sourceTree = "<group>"; };
		E0F85DAD28A6930C00EFD9F5 /* ButtonPickerView.swift */ = {isa = PBXFileReference; lastKnownFileType = sourcecode.swift; path = ButtonPickerView.swift; sourceTree = "<group>"; };
/* End PBXFileReference section */

/* Begin PBXFrameworksBuildPhase section */
		E01AAA84289154C900CE776D /* Frameworks */ = {
			isa = PBXFrameworksBuildPhase;
			buildActionMask = 2147483647;
			files = (
			);
			runOnlyForDeploymentPostprocessing = 0;
		};
/* End PBXFrameworksBuildPhase section */

/* Begin PBXGroup section */
		E01AAA7E289154C900CE776D = {
			isa = PBXGroup;
			children = (
				E01AAA89289154C900CE776D /* AlMeezanScreens */,
				E01AAA88289154C900CE776D /* Products */,
			);
			sourceTree = "<group>";
		};
		E01AAA88289154C900CE776D /* Products */ = {
			isa = PBXGroup;
			children = (
				E01AAA87289154C900CE776D /* AlMeezanScreens.app */,
			);
			name = Products;
			sourceTree = "<group>";
		};
		E01AAA89289154C900CE776D /* AlMeezanScreens */ = {
			isa = PBXGroup;
			children = (
				E0BD48EE2897CCFF00ED7D3F /* Cells */,
				E0C93D5828940DDB00142019 /* View Controllers */,
				E01AAAB82892BBFD00CE776D /* Utilities */,
				E01AAA8A289154C900CE776D /* AppDelegate.swift */,
				E01AAA8C289154C900CE776D /* SceneDelegate.swift */,
				E01AAA90289154C900CE776D /* Main.storyboard */,
				E01AAAA528916FB100CE776D /* fonts */,
				E01AAA96289154CF00CE776D /* Assets.xcassets */,
				E01AAA98289154CF00CE776D /* LaunchScreen.storyboard */,
				E01AAA9B289154CF00CE776D /* Info.plist */,
				E01AAA93289154C900CE776D /* AlMeezanScreens.xcdatamodeld */,
			);
			path = AlMeezanScreens;
			sourceTree = "<group>";
		};
		E01AAAA528916FB100CE776D /* fonts */ = {
			isa = PBXGroup;
			children = (
				E01AAAA628916FB100CE776D /* CircularStd-Book.otf */,
				E01AAAA728916FB100CE776D /* Roboto-Medium.ttf */,
				E01AAAA828916FB100CE776D /* Circular Std Font.otf */,
				E01AAAA928916FB100CE776D /* times_0.ttf */,
				E01AAAAA28916FB100CE776D /* Roboto-Regular.ttf */,
				E01AAAAB28916FB100CE776D /* CircularStd-Bold_1.ttf */,
			);
			path = fonts;
			sourceTree = "<group>";
		};
		E01AAAB82892BBFD00CE776D /* Utilities */ = {
			isa = PBXGroup;
			children = (
				E01AAAB62892BBEC00CE776D /* HeaderView.swift */,
				E0C93D562893CBF600142019 /* View.swift */,
				E01AAAB42892BBCD00CE776D /* Extensions.swift */,
				E01AAAA328916F8300CE776D /* Enums.swift */,
				E00FD5F4289A99C80058BAD0 /* TextInputView.swift */,
				E0F85DAD28A6930C00EFD9F5 /* ButtonPickerView.swift */,
				E055E28928AB7DE6004DB4F9 /* Protocols.swift */,
			);
			path = Utilities;
			sourceTree = "<group>";
		};
		E0BD48EE2897CCFF00ED7D3F /* Cells */ = {
			isa = PBXGroup;
			children = (
				E0C93D5B28940E5300142019 /* BillPaymentCell.swift */,
				E0CC0C5E289C04ED007A1BE8 /* HistoryCell.swift */,
			);
			path = Cells;
			sourceTree = "<group>";
		};
		E0C93D5828940DDB00142019 /* View Controllers */ = {
			isa = PBXGroup;
			children = (
				E01AAAB92892C92F00CE776D /* HeaderViewController.swift */,
				E01AAA8E289154C900CE776D /* ViewController.swift */,
				E0C93D5928940E0100142019 /* BillPayment.swift */,
				E0BD48F12899010300ED7D3F /* PaymentServices.swift */,
				E00B71AE2899311200ADDAA2 /* Subscription.swift */,
				E00FD5F6289BB7D50058BAD0 /* FundTransferDetails.swift */,
				E006DB0728A3B99100F80144 /* BankValidate.swift */,
				E006DB0928A508B100F80144 /* TransferFund.swift */,
				E069F4F928ABA74C00CE915E /* TransactionComplete.swift */,
				E0F85DAB28A660B100EFD9F5 /* AddPayeeController.swift */,
				E0F550C428AE7C2F003E05AD /* AddBillPayee.swift */,
				E0F550C628AFAD43003E05AD /* TransactionDetails.swift */,
				E0F550C828AFAECB003E05AD /* TestingViewController.swift */,
			);
			path = "View Controllers";
			sourceTree = "<group>";
		};
/* End PBXGroup section */

/* Begin PBXNativeTarget section */
		E01AAA86289154C900CE776D /* AlMeezanScreens */ = {
			isa = PBXNativeTarget;
			buildConfigurationList = E01AAA9E289154CF00CE776D /* Build configuration list for PBXNativeTarget "AlMeezanScreens" */;
			buildPhases = (
				E01AAA83289154C900CE776D /* Sources */,
				E01AAA84289154C900CE776D /* Frameworks */,
				E01AAA85289154C900CE776D /* Resources */,
			);
			buildRules = (
			);
			dependencies = (
			);
			name = AlMeezanScreens;
			productName = AlMeezanScreens;
			productReference = E01AAA87289154C900CE776D /* AlMeezanScreens.app */;
			productType = "com.apple.product-type.application";
		};
/* End PBXNativeTarget section */

/* Begin PBXProject section */
		E01AAA7F289154C900CE776D /* Project object */ = {
			isa = PBXProject;
			attributes = {
				BuildIndependentTargetsInParallel = 1;
				LastSwiftUpdateCheck = 1400;
				LastUpgradeCheck = 1400;
				TargetAttributes = {
					E01AAA86289154C900CE776D = {
						CreatedOnToolsVersion = 14.0;
					};
				};
			};
			buildConfigurationList = E01AAA82289154C900CE776D /* Build configuration list for PBXProject "AlMeezanScreens" */;
			compatibilityVersion = "Xcode 14.0";
			developmentRegion = en;
			hasScannedForEncodings = 0;
			knownRegions = (
				en,
				Base,
			);
			mainGroup = E01AAA7E289154C900CE776D;
			productRefGroup = E01AAA88289154C900CE776D /* Products */;
			projectDirPath = "";
			projectRoot = "";
			targets = (
				E01AAA86289154C900CE776D /* AlMeezanScreens */,
			);
		};
/* End PBXProject section */

/* Begin PBXResourcesBuildPhase section */
		E01AAA85289154C900CE776D /* Resources */ = {
			isa = PBXResourcesBuildPhase;
			buildActionMask = 2147483647;
			files = (
				E01AAAAD28916FB200CE776D /* Roboto-Medium.ttf in Resources */,
				E01AAA9A289154CF00CE776D /* LaunchScreen.storyboard in Resources */,
				E01AAAB028916FB200CE776D /* Roboto-Regular.ttf in Resources */,
				E01AAAB128916FB200CE776D /* CircularStd-Bold_1.ttf in Resources */,
				E01AAAAF28916FB200CE776D /* times_0.ttf in Resources */,
				E01AAA97289154CF00CE776D /* Assets.xcassets in Resources */,
				E01AAA92289154C900CE776D /* Main.storyboard in Resources */,
				E01AAAAC28916FB100CE776D /* CircularStd-Book.otf in Resources */,
				E01AAAAE28916FB200CE776D /* Circular Std Font.otf in Resources */,
			);
			runOnlyForDeploymentPostprocessing = 0;
		};
/* End PBXResourcesBuildPhase section */

/* Begin PBXSourcesBuildPhase section */
		E01AAA83289154C900CE776D /* Sources */ = {
			isa = PBXSourcesBuildPhase;
			buildActionMask = 2147483647;
			files = (
				E01AAA95289154C900CE776D /* AlMeezanScreens.xcdatamodeld in Sources */,
				E01AAAB52892BBCD00CE776D /* Extensions.swift in Sources */,
				E00FD5F5289A99C80058BAD0 /* TextInputView.swift in Sources */,
				E0BD48F22899010300ED7D3F /* PaymentServices.swift in Sources */,
				E0F550C928AFAECB003E05AD /* TestingViewController.swift in Sources */,
				E0F550C728AFAD43003E05AD /* TransactionDetails.swift in Sources */,
				E0C93D572893CBF600142019 /* View.swift in Sources */,
				E0F85DAC28A660B100EFD9F5 /* AddPayeeController.swift in Sources */,
				E01AAA8F289154C900CE776D /* ViewController.swift in Sources */,
				E01AAAA428916F8300CE776D /* Enums.swift in Sources */,
				E006DB0A28A508B100F80144 /* TransferFund.swift in Sources */,
				E055E28A28AB7DE6004DB4F9 /* Protocols.swift in Sources */,
				E01AAA8B289154C900CE776D /* AppDelegate.swift in Sources */,
				E01AAABA2892C92F00CE776D /* HeaderViewController.swift in Sources */,
				E01AAA8D289154C900CE776D /* SceneDelegate.swift in Sources */,
				E0C93D5A28940E0100142019 /* BillPayment.swift in Sources */,
				E00B71AF2899311200ADDAA2 /* Subscription.swift in Sources */,
				E0F550C528AE7C2F003E05AD /* AddBillPayee.swift in Sources */,
				E0F85DAE28A6930C00EFD9F5 /* ButtonPickerView.swift in Sources */,
				E069F4FA28ABA74C00CE915E /* TransactionComplete.swift in Sources */,
				E00FD5F7289BB7D50058BAD0 /* FundTransferDetails.swift in Sources */,
				E0C93D5C28940E5300142019 /* BillPaymentCell.swift in Sources */,
				E0CC0C5F289C04ED007A1BE8 /* HistoryCell.swift in Sources */,
				E006DB0828A3B99100F80144 /* BankValidate.swift in Sources */,
				E01AAAB72892BBEC00CE776D /* HeaderView.swift in Sources */,
			);
			runOnlyForDeploymentPostprocessing = 0;
		};
/* End PBXSourcesBuildPhase section */

/* Begin PBXVariantGroup section */
		E01AAA90289154C900CE776D /* Main.storyboard */ = {
			isa = PBXVariantGroup;
			children = (
				E01AAA91289154C900CE776D /* Base */,
			);
			name = Main.storyboard;
			sourceTree = "<group>";
		};
		E01AAA98289154CF00CE776D /* LaunchScreen.storyboard */ = {
			isa = PBXVariantGroup;
			children = (
				E01AAA99289154CF00CE776D /* Base */,
			);
			name = LaunchScreen.storyboard;
			sourceTree = "<group>";
		};
/* End PBXVariantGroup section */

/* Begin XCBuildConfiguration section */
		E01AAA9C289154CF00CE776D /* Debug */ = {
			isa = XCBuildConfiguration;
			buildSettings = {
				ALWAYS_SEARCH_USER_PATHS = NO;
				CLANG_ANALYZER_NONNULL = YES;
				CLANG_ANALYZER_NUMBER_OBJECT_CONVERSION = YES_AGGRESSIVE;
				CLANG_CXX_LANGUAGE_STANDARD = "gnu++20";
				CLANG_ENABLE_MODULES = YES;
				CLANG_ENABLE_OBJC_ARC = YES;
				CLANG_ENABLE_OBJC_WEAK = YES;
				CLANG_WARN_BLOCK_CAPTURE_AUTORELEASING = YES;
				CLANG_WARN_BOOL_CONVERSION = YES;
				CLANG_WARN_COMMA = YES;
				CLANG_WARN_CONSTANT_CONVERSION = YES;
				CLANG_WARN_DEPRECATED_OBJC_IMPLEMENTATIONS = YES;
				CLANG_WARN_DIRECT_OBJC_ISA_USAGE = YES_ERROR;
				CLANG_WARN_DOCUMENTATION_COMMENTS = YES;
				CLANG_WARN_EMPTY_BODY = YES;
				CLANG_WARN_ENUM_CONVERSION = YES;
				CLANG_WARN_INFINITE_RECURSION = YES;
				CLANG_WARN_INT_CONVERSION = YES;
				CLANG_WARN_NON_LITERAL_NULL_CONVERSION = YES;
				CLANG_WARN_OBJC_IMPLICIT_RETAIN_SELF = YES;
				CLANG_WARN_OBJC_LITERAL_CONVERSION = YES;
				CLANG_WARN_OBJC_ROOT_CLASS = YES_ERROR;
				CLANG_WARN_QUOTED_INCLUDE_IN_FRAMEWORK_HEADER = YES;
				CLANG_WARN_RANGE_LOOP_ANALYSIS = YES;
				CLANG_WARN_STRICT_PROTOTYPES = YES;
				CLANG_WARN_SUSPICIOUS_MOVE = YES;
				CLANG_WARN_UNGUARDED_AVAILABILITY = YES_AGGRESSIVE;
				CLANG_WARN_UNREACHABLE_CODE = YES;
				CLANG_WARN__DUPLICATE_METHOD_MATCH = YES;
				COPY_PHASE_STRIP = NO;
				DEBUG_INFORMATION_FORMAT = dwarf;
				ENABLE_STRICT_OBJC_MSGSEND = YES;
				ENABLE_TESTABILITY = YES;
				GCC_C_LANGUAGE_STANDARD = gnu11;
				GCC_DYNAMIC_NO_PIC = NO;
				GCC_NO_COMMON_BLOCKS = YES;
				GCC_OPTIMIZATION_LEVEL = 0;
				GCC_PREPROCESSOR_DEFINITIONS = (
					"DEBUG=1",
					"$(inherited)",
				);
				GCC_WARN_64_TO_32_BIT_CONVERSION = YES;
				GCC_WARN_ABOUT_RETURN_TYPE = YES_ERROR;
				GCC_WARN_UNDECLARED_SELECTOR = YES;
				GCC_WARN_UNINITIALIZED_AUTOS = YES_AGGRESSIVE;
				GCC_WARN_UNUSED_FUNCTION = YES;
				GCC_WARN_UNUSED_VARIABLE = YES;
				IPHONEOS_DEPLOYMENT_TARGET = 16.0;
				MTL_ENABLE_DEBUG_INFO = INCLUDE_SOURCE;
				MTL_FAST_MATH = YES;
				ONLY_ACTIVE_ARCH = YES;
				SDKROOT = iphoneos;
				SWIFT_ACTIVE_COMPILATION_CONDITIONS = DEBUG;
				SWIFT_OPTIMIZATION_LEVEL = "-Onone";
			};
			name = Debug;
		};
		E01AAA9D289154CF00CE776D /* Release */ = {
			isa = XCBuildConfiguration;
			buildSettings = {
				ALWAYS_SEARCH_USER_PATHS = NO;
				CLANG_ANALYZER_NONNULL = YES;
				CLANG_ANALYZER_NUMBER_OBJECT_CONVERSION = YES_AGGRESSIVE;
				CLANG_CXX_LANGUAGE_STANDARD = "gnu++20";
				CLANG_ENABLE_MODULES = YES;
				CLANG_ENABLE_OBJC_ARC = YES;
				CLANG_ENABLE_OBJC_WEAK = YES;
				CLANG_WARN_BLOCK_CAPTURE_AUTORELEASING = YES;
				CLANG_WARN_BOOL_CONVERSION = YES;
				CLANG_WARN_COMMA = YES;
				CLANG_WARN_CONSTANT_CONVERSION = YES;
				CLANG_WARN_DEPRECATED_OBJC_IMPLEMENTATIONS = YES;
				CLANG_WARN_DIRECT_OBJC_ISA_USAGE = YES_ERROR;
				CLANG_WARN_DOCUMENTATION_COMMENTS = YES;
				CLANG_WARN_EMPTY_BODY = YES;
				CLANG_WARN_ENUM_CONVERSION = YES;
				CLANG_WARN_INFINITE_RECURSION = YES;
				CLANG_WARN_INT_CONVERSION = YES;
				CLANG_WARN_NON_LITERAL_NULL_CONVERSION = YES;
				CLANG_WARN_OBJC_IMPLICIT_RETAIN_SELF = YES;
				CLANG_WARN_OBJC_LITERAL_CONVERSION = YES;
				CLANG_WARN_OBJC_ROOT_CLASS = YES_ERROR;
				CLANG_WARN_QUOTED_INCLUDE_IN_FRAMEWORK_HEADER = YES;
				CLANG_WARN_RANGE_LOOP_ANALYSIS = YES;
				CLANG_WARN_STRICT_PROTOTYPES = YES;
				CLANG_WARN_SUSPICIOUS_MOVE = YES;
				CLANG_WARN_UNGUARDED_AVAILABILITY = YES_AGGRESSIVE;
				CLANG_WARN_UNREACHABLE_CODE = YES;
				CLANG_WARN__DUPLICATE_METHOD_MATCH = YES;
				COPY_PHASE_STRIP = NO;
				DEBUG_INFORMATION_FORMAT = "dwarf-with-dsym";
				ENABLE_NS_ASSERTIONS = NO;
				ENABLE_STRICT_OBJC_MSGSEND = YES;
				GCC_C_LANGUAGE_STANDARD = gnu11;
				GCC_NO_COMMON_BLOCKS = YES;
				GCC_WARN_64_TO_32_BIT_CONVERSION = YES;
				GCC_WARN_ABOUT_RETURN_TYPE = YES_ERROR;
				GCC_WARN_UNDECLARED_SELECTOR = YES;
				GCC_WARN_UNINITIALIZED_AUTOS = YES_AGGRESSIVE;
				GCC_WARN_UNUSED_FUNCTION = YES;
				GCC_WARN_UNUSED_VARIABLE = YES;
				IPHONEOS_DEPLOYMENT_TARGET = 16.0;
				MTL_ENABLE_DEBUG_INFO = NO;
				MTL_FAST_MATH = YES;
				SDKROOT = iphoneos;
				SWIFT_COMPILATION_MODE = wholemodule;
				SWIFT_OPTIMIZATION_LEVEL = "-O";
				VALIDATE_PRODUCT = YES;
			};
			name = Release;
		};
		E01AAA9F289154CF00CE776D /* Debug */ = {
			isa = XCBuildConfiguration;
			buildSettings = {
				ASSETCATALOG_COMPILER_APPICON_NAME = AppIcon;
				ASSETCATALOG_COMPILER_GLOBAL_ACCENT_COLOR_NAME = AccentColor;
				CODE_SIGN_STYLE = Automatic;
				CURRENT_PROJECT_VERSION = 1;
				DEVELOPMENT_TEAM = DU9WCKZ2TC;
				GENERATE_INFOPLIST_FILE = YES;
				INFOPLIST_FILE = AlMeezanScreens/Info.plist;
				INFOPLIST_KEY_UIApplicationSupportsIndirectInputEvents = YES;
				INFOPLIST_KEY_UILaunchStoryboardName = LaunchScreen;
				INFOPLIST_KEY_UIMainStoryboardFile = Main;
				INFOPLIST_KEY_UISupportedInterfaceOrientations_iPad = "UIInterfaceOrientationPortrait UIInterfaceOrientationPortraitUpsideDown UIInterfaceOrientationLandscapeLeft UIInterfaceOrientationLandscapeRight";
				INFOPLIST_KEY_UISupportedInterfaceOrientations_iPhone = "UIInterfaceOrientationPortrait UIInterfaceOrientationLandscapeLeft UIInterfaceOrientationLandscapeRight";
				LD_RUNPATH_SEARCH_PATHS = (
					"$(inherited)",
					"@executable_path/Frameworks",
				);
				MARKETING_VERSION = 1.0;
				PRODUCT_BUNDLE_IDENTIFIER = com.ahmed.AlMeezanScreens;
				PRODUCT_NAME = "$(TARGET_NAME)";
				SWIFT_EMIT_LOC_STRINGS = YES;
				SWIFT_VERSION = 5.0;
				TARGETED_DEVICE_FAMILY = "1,2";
			};
			name = Debug;
		};
		E01AAAA0289154CF00CE776D /* Release */ = {
			isa = XCBuildConfiguration;
			buildSettings = {
				ASSETCATALOG_COMPILER_APPICON_NAME = AppIcon;
				ASSETCATALOG_COMPILER_GLOBAL_ACCENT_COLOR_NAME = AccentColor;
				CODE_SIGN_STYLE = Automatic;
				CURRENT_PROJECT_VERSION = 1;
				DEVELOPMENT_TEAM = DU9WCKZ2TC;
				GENERATE_INFOPLIST_FILE = YES;
				INFOPLIST_FILE = AlMeezanScreens/Info.plist;
				INFOPLIST_KEY_UIApplicationSupportsIndirectInputEvents = YES;
				INFOPLIST_KEY_UILaunchStoryboardName = LaunchScreen;
				INFOPLIST_KEY_UIMainStoryboardFile = Main;
				INFOPLIST_KEY_UISupportedInterfaceOrientations_iPad = "UIInterfaceOrientationPortrait UIInterfaceOrientationPortraitUpsideDown UIInterfaceOrientationLandscapeLeft UIInterfaceOrientationLandscapeRight";
				INFOPLIST_KEY_UISupportedInterfaceOrientations_iPhone = "UIInterfaceOrientationPortrait UIInterfaceOrientationLandscapeLeft UIInterfaceOrientationLandscapeRight";
				LD_RUNPATH_SEARCH_PATHS = (
					"$(inherited)",
					"@executable_path/Frameworks",
				);
				MARKETING_VERSION = 1.0;
				PRODUCT_BUNDLE_IDENTIFIER = com.ahmed.AlMeezanScreens;
				PRODUCT_NAME = "$(TARGET_NAME)";
				SWIFT_EMIT_LOC_STRINGS = YES;
				SWIFT_VERSION = 5.0;
				TARGETED_DEVICE_FAMILY = "1,2";
			};
			name = Release;
		};
/* End XCBuildConfiguration section */

/* Begin XCConfigurationList section */
		E01AAA82289154C900CE776D /* Build configuration list for PBXProject "AlMeezanScreens" */ = {
			isa = XCConfigurationList;
			buildConfigurations = (
				E01AAA9C289154CF00CE776D /* Debug */,
				E01AAA9D289154CF00CE776D /* Release */,
			);
			defaultConfigurationIsVisible = 0;
			defaultConfigurationName = Release;
		};
		E01AAA9E289154CF00CE776D /* Build configuration list for PBXNativeTarget "AlMeezanScreens" */ = {
			isa = XCConfigurationList;
			buildConfigurations = (
				E01AAA9F289154CF00CE776D /* Debug */,
				E01AAAA0289154CF00CE776D /* Release */,
			);
			defaultConfigurationIsVisible = 0;
			defaultConfigurationName = Release;
		};
/* End XCConfigurationList section */

/* Begin XCVersionGroup section */
		E01AAA93289154C900CE776D /* AlMeezanScreens.xcdatamodeld */ = {
			isa = XCVersionGroup;
			children = (
				E01AAA94289154C900CE776D /* AlMeezanScreens.xcdatamodel */,
			);
			currentVersion = E01AAA94289154C900CE776D /* AlMeezanScreens.xcdatamodel */;
			path = AlMeezanScreens.xcdatamodeld;
			sourceTree = "<group>";
			versionGroupType = wrapper.xcdatamodel;
		};
/* End XCVersionGroup section */
	};
	rootObject = E01AAA7F289154C900CE776D /* Project object */;
}
